# Stellux developer packages this tree is known to work with, one line per
# package build per target architecture. See README.md for the format.
#
# source  base URL of the GitHub releases hosting the archives
# release tag of the release every entry below was published under
# <name> <version>-<release> <arch> <sha256>

source https://github.com/FlareCoding/StelluxOS/releases/download

release packages-2026.09.03.1
binutils 2.45-1 aarch64 675fffaaf7fdc88b48fc9fa386703beb4b71a0472fe2c0613aa90692fab4792b
binutils 2.45-1 x86_64 dc63ca5ee9a8812814c7d9b504ecf42cc8b7d8f5b31fbf9a44dca37115fc3339
gcc 14.3.0-1 aarch64 db675605a8bda46ce0958c0377b8c2ab84d4f9b0fe071376751f8368028b1359
gcc 14.3.0-1 x86_64 13744f4caa32b9353d16e9c0c4f153a32efb3f701e3ae12578693129b0d9aa11
python 3.12.8-1 aarch64 28c31549416f02bafc000c9a280ff34459179c26bd9a5f2db49ee30d55cdcbec
python 3.12.8-1 x86_64 0c3eaeedad05d2347d08d1db31ca00acb2ba445f41675f62d8b7f22b949d2201
